
Microsoft Visual Studio Solution File, Format Version 12.00
# Visual Studio Version 17
VisualStudioVersion = 17.9.34714.143
MinimumVisualStudioVersion = 10.0.40219.1
Project("{2150E333-8FDC-42A3-9474-1A3956D46DE8}") = "src", "src", "{392ECA3E-770A-4080-AAFD-704EE83A9A1F}"
EndProject
Project("{9A19103F-16F7-4668-BE54-9A1E7A4F7556}") = "MaterialsProject", "src\MaterialsProject\MaterialsProject.csproj", "{A6F5FECC-2232-41DD-ABEA-C3B6C8FF7E67}"
EndProject
Project("{9A19103F-16F7-4668-BE54-9A1E7A4F7556}") = "OScience.Common", "src\OScience.Common\OScience.Common.csproj", "{3CFBF9DB-1A82-4015-A8E1-5341F95D1433}"
EndProject
Global
	GlobalSection(SolutionConfigurationPlatforms) = preSolution
		Debug|Any CPU = Debug|Any CPU
		Release|Any CPU = Release|Any CPU
	EndGlobalSection
	GlobalSection(ProjectConfigurationPlatforms) = postSolution
		{A6F5FECC-2232-41DD-ABEA-C3B6C8FF7E67}.Debug|Any CPU.ActiveCfg = Debug|Any CPU
		{A6F5FECC-2232-41DD-ABEA-C3B6C8FF7E67}.Debug|Any CPU.Build.0 = Debug|Any CPU
		{A6F5FECC-2232-41DD-ABEA-C3B6C8FF7E67}.Release|Any CPU.ActiveCfg = Release|Any CPU
		{A6F5FECC-2232-41DD-ABEA-C3B6C8FF7E67}.Release|Any CPU.Build.0 = Release|Any CPU
		{3CFBF9DB-1A82-4015-A8E1-5341F95D1433}.Debug|Any CPU.ActiveCfg = Debug|Any CPU
		{3CFBF9DB-1A82-4015-A8E1-5341F95D1433}.Debug|Any CPU.Build.0 = Debug|Any CPU
		{3CFBF9DB-1A82-4015-A8E1-5341F95D1433}.Release|Any CPU.ActiveCfg = Release|Any CPU
		{3CFBF9DB-1A82-4015-A8E1-5341F95D1433}.Release|Any CPU.Build.0 = Release|Any CPU
	EndGlobalSection
	GlobalSection(SolutionProperties) = preSolution
		HideSolutionNode = FALSE
	EndGlobalSection
	GlobalSection(NestedProjects) = preSolution
		{A6F5FECC-2232-41DD-ABEA-C3B6C8FF7E67} = {392ECA3E-770A-4080-AAFD-704EE83A9A1F}
		{3CFBF9DB-1A82-4015-A8E1-5341F95D1433} = {392ECA3E-770A-4080-AAFD-704EE83A9A1F}
	EndGlobalSection
	GlobalSection(ExtensibilityGlobals) = postSolution
		SolutionGuid = {7DE2F9F0-5339-45BA-8DA2-AF683C56628A}
	EndGlobalSection
EndGlobal
